// !$*UTF8*$!
{
	archiveVersion = 1;
	classes = {
	};
	objectVersion = 50;
	objects = {

/* Begin PBXBuildFile section */
		3662713E25C90B9700669F19 /* AppDelegate.swift in Sources */ = {isa = PBXBuildFile; fileRef = 3662713D25C90B9700669F19 /* AppDelegate.swift */; };
		3662714025C90B9700669F19 /* SceneDelegate.swift in Sources */ = {isa = PBXBuildFile; fileRef = 3662713F25C90B9700669F19 /* SceneDelegate.swift */; };
		3662714225C90B9700669F19 /* ViewController.swift in Sources */ = {isa = PBXBuildFile; fileRef = 3662714125C90B9700669F19 /* ViewController.swift */; };
		3662714525C90B9700669F19 /* Main.storyboard in Resources */ = {isa = PBXBuildFile; fileRef = 3662714325C90B9700669F19 /* Main.storyboard */; };
		3662714725C90B9C00669F19 /* Assets.xcassets in Resources */ = {isa = PBXBuildFile; fileRef = 3662714625C90B9C00669F19 /* Assets.xcassets */; };
		3662714A25C90B9C00669F19 /* LaunchScreen.storyboard in Resources */ = {isa = PBXBuildFile; fileRef = 3662714825C90B9C00669F19 /* LaunchScreen.storyboard */; };
		3662715525C90B9D00669F19 /* flixsterTests.swift in Sources */ = {isa = PBXBuildFile; fileRef = 3662715425C90B9D00669F19 /* flixsterTests.swift */; };
		3662716025C90B9D00669F19 /* flixsterUITests.swift in Sources */ = {isa = PBXBuildFile; fileRef = 3662715F25C90B9D00669F19 /* flixsterUITests.swift */; };
/* End PBXBuildFile section */

/* Begin PBXContainerItemProxy section */
		3662715125C90B9D00669F19 /* PBXContainerItemProxy */ = {
			isa = PBXContainerItemProxy;
			containerPortal = 3662713225C90B9600669F19 /* Project object */;
			proxyType = 1;
			remoteGlobalIDString = 3662713925C90B9600669F19;
			remoteInfo = flixster;
		};
		3662715C25C90B9D00669F19 /* PBXContainerItemProxy */ = {
			isa = PBXContainerItemProxy;
			containerPortal = 3662713225C90B9600669F19 /* Project object */;
			proxyType = 1;
			remoteGlobalIDString = 3662713925C90B9600669F19;
			remoteInfo = flixster;
		};
/* End PBXContainerItemProxy section */

/* Begin PBXFileReference section */
		3662713A25C90B9700669F19 /* flixster.app */ = {isa = PBXFileReference; explicitFileType = wrapper.application; includeInIndex = 0; path = flixster.app; sourceTree = BUILT_PRODUCTS_DIR; };
		3662713D25C90B9700669F19 /* AppDelegate.swift */ = {isa = PBXFileReference; lastKnownFileType = sourcecode.swift; path = AppDelegate.swift; sourceTree = "<group>"; };
		3662713F25C90B9700669F19 /* SceneDelegate.swift */ = {isa = PBXFileReference; lastKnownFileType = sourcecode.swift; path = SceneDelegate.swift; sourceTree = "<group>"; };
		3662714125C90B9700669F19 /* ViewController.swift */ = {isa = PBXFileReference; lastKnownFileType = sourcecode.swift; path = ViewController.swift; sourceTree = "<group>"; };
		3662714425C90B9700669F19 /* Base */ = {isa = PBXFileReference; lastKnownFileType = file.storyboard; name = Base; path = Base.lproj/Main.storyboard; sourceTree = "<group>"; };
		3662714625C90B9C00669F19 /* Assets.xcassets */ = {isa = PBXFileReference; lastKnownFileType = folder.assetcatalog; path = Assets.xcassets; sourceTree = "<group>"; };
		3662714925C90B9C00669F19 /* Base */ = {isa = PBXFileReference; lastKnownFileType = file.storyboard; name = Base; path = Base.lproj/LaunchScreen.storyboard; sourceTree = "<group>"; };
		3662714B25C90B9C00669F19 /* Info.plist */ = {isa = PBXFileReference; lastKnownFileType = text.plist.xml; path = Info.plist; sourceTree = "<group>"; };
		3662715025C90B9D00669F19 /* flixsterTests.xctest */ = {isa = PBXFileReference; explicitFileType = wrapper.cfbundle; includeInIndex = 0; path = flixsterTests.xctest; sourceTree = BUILT_PRODUCTS_DIR; };
		3662715425C90B9D00669F19 /* flixsterTests.swift */ = {isa = PBXFileReference; lastKnownFileType = sourcecode.swift; path = flixsterTests.swift; sourceTree = "<group>"; };
		3662715625C90B9D00669F19 /* Info.plist */ = {isa = PBXFileReference; lastKnownFileType = text.plist.xml; path = Info.plist; sourceTree = "<group>"; };
		3662715B25C90B9D00669F19 /* flixsterUITests.xctest */ = {isa = PBXFileReference; explicitFileType = wrapper.cfbundle; includeInIndex = 0; path = flixsterUITests.xctest; sourceTree = BUILT_PRODUCTS_DIR; };
		3662715F25C90B9D00669F19 /* flixsterUITests.swift */ = {isa = PBXFileReference; lastKnownFileType = sourcecode.swift; path = flixsterUITests.swift; sourceTree = "<group>"; };
		3662716125C90B9D00669F19 /* Info.plist */ = {isa = PBXFileReference; lastKnownFileType = text.plist.xml; path = Info.plist; sourceTree = "<group>"; };
/* End PBXFileReference section */

/* Begin PBXFrameworksBuildPhase section */
		3662713725C90B9600669F19 /* Frameworks */ = {
			isa = PBXFrameworksBuildPhase;
			buildActionMask = 2147483647;
			files = (
			);
			runOnlyForDeploymentPostprocessing = 0;
		};
		3662714D25C90B9D00669F19 /* Frameworks */ = {
			isa = PBXFrameworksBuildPhase;
			buildActionMask = 2147483647;
			files = (
			);
			runOnlyForDeploymentPostprocessing = 0;
		};
		3662715825C90B9D00669F19 /* Frameworks */ = {
			isa = PBXFrameworksBuildPhase;
			buildActionMask = 2147483647;
			files = (
			);
			runOnlyForDeploymentPostprocessing = 0;
		};
/* End PBXFrameworksBuildPhase section */

/* Begin PBXGroup section */
		3662713125C90B9600669F19 = {
			isa = PBXGroup;
			children = (
				3662713C25C90B9700669F19 /* flixster */,
				3662715325C90B9D00669F19 /* flixsterTests */,
				3662715E25C90B9D00669F19 /* flixsterUITests */,
				3662713B25C90B9700669F19 /* Products */,
			);
			sourceTree = "<group>";
		};
		3662713B25C90B9700669F19 /* Products */ = {
			isa = PBXGroup;
			children = (
				3662713A25C90B9700669F19 /* flixster.app */,
				3662715025C90B9D00669F19 /* flixsterTests.xctest */,
				3662715B25C90B9D00669F19 /* flixsterUITests.xctest */,
			);
			name = Products;
			sourceTree = "<group>";
		};
		3662713C25C90B9700669F19 /* flixster */ = {
			isa = PBXGroup;
			children = (
				3662713D25C90B9700669F19 /* AppDelegate.swift */,
				3662713F25C90B9700669F19 /* SceneDelegate.swift */,
				3662714125C90B9700669F19 /* ViewController.swift */,
				3662714325C90B9700669F19 /* Main.storyboard */,
				3662714625C90B9C00669F19 /* Assets.xcassets */,
				3662714825C90B9C00669F19 /* LaunchScreen.storyboard */,
				3662714B25C90B9C00669F19 /* Info.plist */,
			);
			path = flixster;
			sourceTree = "<group>";
		};
		3662715325C90B9D00669F19 /* flixsterTests */ = {
			isa = PBXGroup;
			children = (
				3662715425C90B9D00669F19 /* flixsterTests.swift */,
				3662715625C90B9D00669F19 /* Info.plist */,
			);
			path = flixsterTests;
			sourceTree = "<group>";
		};
		3662715E25C90B9D00669F19 /* flixsterUITests */ = {
			isa = PBXGroup;
			children = (
				3662715F25C90B9D00669F19 /* flixsterUITests.swift */,
				3662716125C90B9D00669F19 /* Info.plist */,
			);
			path = flixsterUITests;
			sourceTree = "<group>";
		};
/* End PBXGroup section */

/* Begin PBXNativeTarget section */
		3662713925C90B9600669F19 /* flixster */ = {
			isa = PBXNativeTarget;
			buildConfigurationList = 3662716425C90B9D00669F19 /* Build configuration list for PBXNativeTarget "flixster" */;
			buildPhases = (
				3662713625C90B9600669F19 /* Sources */,
				3662713725C90B9600669F19 /* Frameworks */,
				3662713825C90B9600669F19 /* Resources */,
			);
			buildRules = (
			);
			dependencies = (
			);
			name = flixster;
			productName = flixster;
			productReference = 3662713A25C90B9700669F19 /* flixster.app */;
			productType = "com.apple.product-type.application";
		};
		3662714F25C90B9D00669F19 /* flixsterTests */ = {
			isa = PBXNativeTarget;
			buildConfigurationList = 3662716725C90B9D00669F19 /* Build configuration list for PBXNativeTarget "flixsterTests" */;
			buildPhases = (
				3662714C25C90B9D00669F19 /* Sources */,
				3662714D25C90B9D00669F19 /* Frameworks */,
				3662714E25C90B9D00669F19 /* Resources */,
			);
			buildRules = (
			);
			dependencies = (
				3662715225C90B9D00669F19 /* PBXTargetDependency */,
			);
			name = flixsterTests;
			productName = flixsterTests;
			productReference = 3662715025C90B9D00669F19 /* flixsterTests.xctest */;
			productType = "com.apple.product-type.bundle.unit-test";
		};
		3662715A25C90B9D00669F19 /* flixsterUITests */ = {
			isa = PBXNativeTarget;
			buildConfigurationList = 3662716A25C90B9D00669F19 /* Build configuration list for PBXNativeTarget "flixsterUITests" */;
			buildPhases = (
				3662715725C90B9D00669F19 /* Sources */,
				3662715825C90B9D00669F19 /* Frameworks */,
				3662715925C90B9D00669F19 /* Resources */,
			);
			buildRules = (
			);
			dependencies = (
				3662715D25C90B9D00669F19 /* PBXTargetDependency */,
			);
			name = flixsterUITests;
			productName = flixsterUITests;
			productReference = 3662715B25C90B9D00669F19 /* flixsterUITests.xctest */;
			productType = "com.apple.product-type.bundle.ui-testing";
		};
/* End PBXNativeTarget section */

/* Begin PBXProject section */
		3662713225C90B9600669F19 /* Project object */ = {
			isa = PBXProject;
			attributes = {
				LastSwiftUpdateCheck = 1130;
				LastUpgradeCheck = 1130;
				ORGANIZATIONNAME = "darinatrevi@hotmail.com";
				TargetAttributes = {
					3662713925C90B9600669F19 = {
						CreatedOnToolsVersion = 11.3.1;
					};
					3662714F25C90B9D00669F19 = {
						CreatedOnToolsVersion = 11.3.1;
						TestTargetID = 3662713925C90B9600669F19;
					};
					3662715A25C90B9D00669F19 = {
						CreatedOnToolsVersion = 11.3.1;
						TestTargetID = 3662713925C90B9600669F19;
					};
				};
			};
			buildConfigurationList = 3662713525C90B9600669F19 /* Build configuration list for PBXProject "flixster" */;
			compatibilityVersion = "Xcode 9.3";
			developmentRegion = en;
			hasScannedForEncodings = 0;
			knownRegions = (
				en,
				Base,
			);
			mainGroup = 3662713125C90B9600669F19;
			productRefGroup = 3662713B25C90B9700669F19 /* Products */;
			projectDirPath = "";
			projectRoot = "";
			targets = (
				3662713925C90B9600669F19 /* flixster */,
				3662714F25C90B9D00669F19 /* flixsterTests */,
				3662715A25C90B9D00669F19 /* flixsterUITests */,
			);
		};
/* End PBXProject section */

/* Begin PBXResourcesBuildPhase section */
		3662713825C90B9600669F19 /* Resources */ = {
			isa = PBXResourcesBuildPhase;
			buildActionMask = 2147483647;
			files = (
				3662714A25C90B9C00669F19 /* LaunchScreen.storyboard in Resources */,
				3662714725C90B9C00669F19 /* Assets.xcassets in Resources */,
				3662714525C90B9700669F19 /* Main.storyboard in Resources */,
			);
			runOnlyForDeploymentPostprocessing = 0;
		};
		3662714E25C90B9D00669F19 /* Resources */ = {
			isa = PBXResourcesBuildPhase;
			buildActionMask = 2147483647;
			files = (
			);
			runOnlyForDeploymentPostprocessing = 0;
		};
		3662715925C90B9D00669F19 /* Resources */ = {
			isa = PBXResourcesBuildPhase;
			buildActionMask = 2147483647;
			files = (
			);
			runOnlyForDeploymentPostprocessing = 0;
		};
/* End PBXResourcesBuildPhase section */

/* Begin PBXSourcesBuildPhase section */
		3662713625C90B9600669F19 /* Sources */ = {
			isa = PBXSourcesBuildPhase;
			buildActionMask = 2147483647;
			files = (
				3662714225C90B9700669F19 /* ViewController.swift in Sources */,
				3662713E25C90B9700669F19 /* AppDelegate.swift in Sources */,
				3662714025C90B9700669F19 /* SceneDelegate.swift in Sources */,
			);
			runOnlyForDeploymentPostprocessing = 0;
		};
		3662714C25C90B9D00669F19 /* Sources */ = {
			isa = PBXSourcesBuildPhase;
			buildActionMask = 2147483647;
			files = (
				3662715525C90B9D00669F19 /* flixsterTests.swift in Sources */,
			);
			runOnlyForDeploymentPostprocessing = 0;
		};
		3662715725C90B9D00669F19 /* Sources */ = {
			isa = PBXSourcesBuildPhase;
			buildActionMask = 2147483647;
			files = (
				3662716025C90B9D00669F19 /* flixsterUITests.swift in Sources */,
			);
			runOnlyForDeploymentPostprocessing = 0;
		};
/* End PBXSourcesBuildPhase section */

/* Begin PBXTargetDependency section */
		3662715225C90B9D00669F19 /* PBXTargetDependency */ = {
			isa = PBXTargetDependency;
			target = 3662713925C90B9600669F19 /* flixster */;
			targetProxy = 3662715125C90B9D00669F19 /* PBXContainerItemProxy */;
		};
		3662715D25C90B9D00669F19 /* PBXTargetDependency */ = {
			isa = PBXTargetDependency;
			target = 3662713925C90B9600669F19 /* flixster */;
			targetProxy = 3662715C25C90B9D00669F19 /* PBXContainerItemProxy */;
		};
/* End PBXTargetDependency section */

/* Begin PBXVariantGroup section */
		3662714325C90B9700669F19 /* Main.storyboard */ = {
			isa = PBXVariantGroup;
			children = (
				3662714425C90B9700669F19 /* Base */,
			);
			name = Main.storyboard;
			sourceTree = "<group>";
		};
		3662714825C90B9C00669F19 /* LaunchScreen.storyboard */ = {
			isa = PBXVariantGroup;
			children = (
				3662714925C90B9C00669F19 /* Base */,
			);
			name = LaunchScreen.storyboard;
			sourceTree = "<group>";
		};
/* End PBXVariantGroup section */

/* Begin XCBuildConfiguration section */
		3662716225C90B9D00669F19 /* Debug */ = {
			isa = XCBuildConfiguration;
			buildSettings = {
				ALWAYS_SEARCH_USER_PATHS = NO;
				CLANG_ANALYZER_NONNULL = YES;
				CLANG_ANALYZER_NUMBER_OBJECT_CONVERSION = YES_AGGRESSIVE;
				CLANG_CXX_LANGUAGE_STANDARD = "gnu++14";
				CLANG_CXX_LIBRARY = "libc++";
				CLANG_ENABLE_MODULES = YES;
				CLANG_ENABLE_OBJC_ARC = YES;
				CLANG_ENABLE_OBJC_WEAK = YES;
				CLANG_WARN_BLOCK_CAPTURE_AUTORELEASING = YES;
				CLANG_WARN_BOOL_CONVERSION = YES;
				CLANG_WARN_COMMA = YES;
				CLANG_WARN_CONSTANT_CONVERSION = YES;
				CLANG_WARN_DEPRECATED_OBJC_IMPLEMENTATIONS = YES;
				CLANG_WARN_DIRECT_OBJC_ISA_USAGE = YES_ERROR;
				CLANG_WARN_DOCUMENTATION_COMMENTS = YES;
				CLANG_WARN_EMPTY_BODY = YES;
				CLANG_WARN_ENUM_CONVERSION = YES;
				CLANG_WARN_INFINITE_RECURSION = YES;
				CLANG_WARN_INT_CONVERSION = YES;
				CLANG_WARN_NON_LITERAL_NULL_CONVERSION = YES;
				CLANG_WARN_OBJC_IMPLICIT_RETAIN_SELF = YES;
				CLANG_WARN_OBJC_LITERAL_CONVERSION = YES;
				CLANG_WARN_OBJC_ROOT_CLASS = YES_ERROR;
				CLANG_WARN_RANGE_LOOP_ANALYSIS = YES;
				CLANG_WARN_STRICT_PROTOTYPES = YES;
				CLANG_WARN_SUSPICIOUS_MOVE = YES;
				CLANG_WARN_UNGUARDED_AVAILABILITY = YES_AGGRESSIVE;
				CLANG_WARN_UNREACHABLE_CODE = YES;
				CLANG_WARN__DUPLICATE_METHOD_MATCH = YES;
				COPY_PHASE_STRIP = NO;
				DEBUG_INFORMATION_FORMAT = dwarf;
				ENABLE_STRICT_OBJC_MSGSEND = YES;
				ENABLE_TESTABILITY = YES;
				GCC_C_LANGUAGE_STANDARD = gnu11;
				GCC_DYNAMIC_NO_PIC = NO;
				GCC_NO_COMMON_BLOCKS = YES;
				GCC_OPTIMIZATION_LEVEL = 0;
				GCC_PREPROCESSOR_DEFINITIONS = (
					"DEBUG=1",
					"$(inherited)",
				);
				GCC_WARN_64_TO_32_BIT_CONVERSION = YES;
				GCC_WARN_ABOUT_RETURN_TYPE = YES_ERROR;
				GCC_WARN_UNDECLARED_SELECTOR = YES;
				GCC_WARN_UNINITIALIZED_AUTOS = YES_AGGRESSIVE;
				GCC_WARN_UNUSED_FUNCTION = YES;
				GCC_WARN_UNUSED_VARIABLE = YES;
				IPHONEOS_DEPLOYMENT_TARGET = 13.2;
				MTL_ENABLE_DEBUG_INFO = INCLUDE_SOURCE;
				MTL_FAST_MATH = YES;
				ONLY_ACTIVE_ARCH = YES;
				SDKROOT = iphoneos;
				SWIFT_ACTIVE_COMPILATION_CONDITIONS = DEBUG;
				SWIFT_OPTIMIZATION_LEVEL = "-Onone";
			};
			name = Debug;
		};
		3662716325C90B9D00669F19 /* Release */ = {
			isa = XCBuildConfiguration;
			buildSettings = {
				ALWAYS_SEARCH_USER_PATHS = NO;
				CLANG_ANALYZER_NONNULL = YES;
				CLANG_ANALYZER_NUMBER_OBJECT_CONVERSION = YES_AGGRESSIVE;
				CLANG_CXX_LANGUAGE_STANDARD = "gnu++14";
				CLANG_CXX_LIBRARY = "libc++";
				CLANG_ENABLE_MODULES = YES;
				CLANG_ENABLE_OBJC_ARC = YES;
				CLANG_ENABLE_OBJC_WEAK = YES;
				CLANG_WARN_BLOCK_CAPTURE_AUTORELEASING = YES;
				CLANG_WARN_BOOL_CONVERSION = YES;
				CLANG_WARN_COMMA = YES;
				CLANG_WARN_CONSTANT_CONVERSION = YES;
				CLANG_WARN_DEPRECATED_OBJC_IMPLEMENTATIONS = YES;
				CLANG_WARN_DIRECT_OBJC_ISA_USAGE = YES_ERROR;
				CLANG_WARN_DOCUMENTATION_COMMENTS = YES;
				CLANG_WARN_EMPTY_BODY = YES;
				CLANG_WARN_ENUM_CONVERSION = YES;
				CLANG_WARN_INFINITE_RECURSION = YES;
				CLANG_WARN_INT_CONVERSION = YES;
				CLANG_WARN_NON_LITERAL_NULL_CONVERSION = YES;
				CLANG_WARN_OBJC_IMPLICIT_RETAIN_SELF = YES;
				CLANG_WARN_OBJC_LITERAL_CONVERSION = YES;
				CLANG_WARN_OBJC_ROOT_CLASS = YES_ERROR;
				CLANG_WARN_RANGE_LOOP_ANALYSIS = YES;
				CLANG_WARN_STRICT_PROTOTYPES = YES;
				CLANG_WARN_SUSPICIOUS_MOVE = YES;
				CLANG_WARN_UNGUARDED_AVAILABILITY = YES_AGGRESSIVE;
				CLANG_WARN_UNREACHABLE_CODE = YES;
				CLANG_WARN__DUPLICATE_METHOD_MATCH = YES;
				COPY_PHASE_STRIP = NO;
				DEBUG_INFORMATION_FORMAT = "dwarf-with-dsym";
				ENABLE_NS_ASSERTIONS = NO;
				ENABLE_STRICT_OBJC_MSGSEND = YES;
				GCC_C_LANGUAGE_STANDARD = gnu11;
				GCC_NO_COMMON_BLOCKS = YES;
				GCC_WARN_64_TO_32_BIT_CONVERSION = YES;
				GCC_WARN_ABOUT_RETURN_TYPE = YES_ERROR;
				GCC_WARN_UNDECLARED_SELECTOR = YES;
				GCC_WARN_UNINITIALIZED_AUTOS = YES_AGGRESSIVE;
				GCC_WARN_UNUSED_FUNCTION = YES;
				GCC_WARN_UNUSED_VARIABLE = YES;
				IPHONEOS_DEPLOYMENT_TARGET = 13.2;
				MTL_ENABLE_DEBUG_INFO = NO;
				MTL_FAST_MATH = YES;
				SDKROOT = iphoneos;
				SWIFT_COMPILATION_MODE = wholemodule;
				SWIFT_OPTIMIZATION_LEVEL = "-O";
				VALIDATE_PRODUCT = YES;
			};
			name = Release;
		};
		3662716525C90B9D00669F19 /* Debug */ = {
			isa = XCBuildConfiguration;
			buildSettings = {
				ASSETCATALOG_COMPILER_APPICON_NAME = AppIcon;
				CODE_SIGN_STYLE = Automatic;
				INFOPLIST_FILE = flixster/Info.plist;
				LD_RUNPATH_SEARCH_PATHS = (
					"$(inherited)",
					"@executable_path/Frameworks",
				);
				PRODUCT_BUNDLE_IDENTIFIER = com.darinatrevi.flixster;
				PRODUCT_NAME = "$(TARGET_NAME)";
				SWIFT_VERSION = 5.0;
				TARGETED_DEVICE_FAMILY = "1,2";
			};
			name = Debug;
		};
		3662716625C90B9D00669F19 /* Release */ = {
			isa = XCBuildConfiguration;
			buildSettings = {
				ASSETCATALOG_COMPILER_APPICON_NAME = AppIcon;
				CODE_SIGN_STYLE = Automatic;
				INFOPLIST_FILE = flixster/Info.plist;
				LD_RUNPATH_SEARCH_PATHS = (
					"$(inherited)",
					"@executable_path/Frameworks",
				);
				PRODUCT_BUNDLE_IDENTIFIER = com.darinatrevi.flixster;
				PRODUCT_NAME = "$(TARGET_NAME)";
				SWIFT_VERSION = 5.0;
				TARGETED_DEVICE_FAMILY = "1,2";
			};
			name = Release;
		};
		3662716825C90B9D00669F19 /* Debug */ = {
			isa = XCBuildConfiguration;
			buildSettings = {
				ALWAYS_EMBED_SWIFT_STANDARD_LIBRARIES = YES;
				BUNDLE_LOADER = "$(TEST_HOST)";
				CODE_SIGN_STYLE = Automatic;
				INFOPLIST_FILE = flixsterTests/Info.plist;
				IPHONEOS_DEPLOYMENT_TARGET = 13.2;
				LD_RUNPATH_SEARCH_PATHS = (
					"$(inherited)",
					"@executable_path/Frameworks",
					"@loader_path/Frameworks",
				);
				PRODUCT_BUNDLE_IDENTIFIER = com.darinatrevi.flixsterTests;
				PRODUCT_NAME = "$(TARGET_NAME)";
				SWIFT_VERSION = 5.0;
				TARGETED_DEVICE_FAMILY = "1,2";
				TEST_HOST = "$(BUILT_PRODUCTS_DIR)/flixster.app/flixster";
			};
			name = Debug;
		};
		3662716925C90B9D00669F19 /* Release */ = {
			isa = XCBuildConfiguration;
			buildSettings = {
				ALWAYS_EMBED_SWIFT_STANDARD_LIBRARIES = YES;
				BUNDLE_LOADER = "$(TEST_HOST)";
				CODE_SIGN_STYLE = Automatic;
				INFOPLIST_FILE = flixsterTests/Info.plist;
				IPHONEOS_DEPLOYMENT_TARGET = 13.2;
				LD_RUNPATH_SEARCH_PATHS = (
					"$(inherited)",
					"@executable_path/Frameworks",
					"@loader_path/Frameworks",
				);
				PRODUCT_BUNDLE_IDENTIFIER = com.darinatrevi.flixsterTests;
				PRODUCT_NAME = "$(TARGET_NAME)";
				SWIFT_VERSION = 5.0;
				TARGETED_DEVICE_FAMILY = "1,2";
				TEST_HOST = "$(BUILT_PRODUCTS_DIR)/flixster.app/flixster";
			};
			name = Release;
		};
		3662716B25C90B9D00669F19 /* Debug */ = {
			isa = XCBuildConfiguration;
			buildSettings = {
				ALWAYS_EMBED_SWIFT_STANDARD_LIBRARIES = YES;
				CODE_SIGN_STYLE = Automatic;
				INFOPLIST_FILE = flixsterUITests/Info.plist;
				LD_RUNPATH_SEARCH_PATHS = (
					"$(inherited)",
					"@executable_path/Frameworks",
					"@loader_path/Frameworks",
				);
				PRODUCT_BUNDLE_IDENTIFIER = com.darinatrevi.flixsterUITests;
				PRODUCT_NAME = "$(TARGET_NAME)";
				SWIFT_VERSION = 5.0;
				TARGETED_DEVICE_FAMILY = "1,2";
				TEST_TARGET_NAME = flixster;
			};
			name = Debug;
		};
		3662716C25C90B9D00669F19 /* Release */ = {
			isa = XCBuildConfiguration;
			buildSettings = {
				ALWAYS_EMBED_SWIFT_STANDARD_LIBRARIES = YES;
				CODE_SIGN_STYLE = Automatic;
				INFOPLIST_FILE = flixsterUITests/Info.plist;
				LD_RUNPATH_SEARCH_PATHS = (
					"$(inherited)",
					"@executable_path/Frameworks",
					"@loader_path/Frameworks",
				);
				PRODUCT_BUNDLE_IDENTIFIER = com.darinatrevi.flixsterUITests;
				PRODUCT_NAME = "$(TARGET_NAME)";
				SWIFT_VERSION = 5.0;
				TARGETED_DEVICE_FAMILY = "1,2";
				TEST_TARGET_NAME = flixster;
			};
			name = Release;
		};
/* End XCBuildConfiguration section */

/* Begin XCConfigurationList section */
		3662713525C90B9600669F19 /* Build configuration list for PBXProject "flixster" */ = {
			isa = XCConfigurationList;
			buildConfigurations = (
				3662716225C90B9D00669F19 /* Debug */,
				3662716325C90B9D00669F19 /* Release */,
			);
			defaultConfigurationIsVisible = 0;
			defaultConfigurationName = Release;
		};
		3662716425C90B9D00669F19 /* Build configuration list for PBXNativeTarget "flixster" */ = {
			isa = XCConfigurationList;
			buildConfigurations = (
				3662716525C90B9D00669F19 /* Debug */,
				3662716625C90B9D00669F19 /* Release */,
			);
			defaultConfigurationIsVisible = 0;
			defaultConfigurationName = Release;
		};
		3662716725C90B9D00669F19 /* Build configuration list for PBXNativeTarget "flixsterTests" */ = {
			isa = XCConfigurationList;
			buildConfigurations = (
				3662716825C90B9D00669F19 /* Debug */,
				3662716925C90B9D00669F19 /* Release */,
			);
			defaultConfigurationIsVisible = 0;
			defaultConfigurationName = Release;
		};
		3662716A25C90B9D00669F19 /* Build configuration list for PBXNativeTarget "flixsterUITests" */ = {
			isa = XCConfigurationList;
			buildConfigurations = (
				3662716B25C90B9D00669F19 /* Debug */,
				3662716C25C90B9D00669F19 /* Release */,
			);
			defaultConfigurationIsVisible = 0;
			defaultConfigurationName = Release;
		};
/* End XCConfigurationList section */
	};
	rootObject = 3662713225C90B9600669F19 /* Project object */;
}
